PODS:
  - AdParticipesCumCepis (0.1.0):
    - GCDWebServer (~> 3.5)
    - IPtProxyUI (~> 1.6)
    - TLPhotoPicker (~> 2.1)
    - Tor (~> 406.9)
    - ZIPFoundation (~> 0.9)
  - Eureka (5.3.4)
  - GCDWebServer (3.5.4):
    - GCDWebServer/Core (= 3.5.4)
  - GCDWebServer/Core (3.5.4)
  - ImageRow (4.0.0):
    - Eureka (~> 5.0)
  - IPtProxy (1.4.0)
  - IPtProxyUI (1.6.0):
    - Eureka (~> 5.3)
    - ImageRow (~> 4.0)
    - IPtProxy (~> 1.4)
    - MBProgressHUD (~> 1.2)
    - ReachabilitySwift (~> 5.0)
  - MBProgressHUD (1.2.0)
  - PathKit (1.0.1)
  - ReachabilitySwift (5.0.0)
  - Stencil (0.14.2):
    - PathKit (~> 1.0.0)
  - TLPhotoPicker (2.1.9)
  - Tor (406.9.2):
    - Tor/Core (= 406.9.2)
  - Tor/Core (406.9.2)
  - ZIPFoundation (0.9.13)

DEPENDENCIES:
  - AdParticipesCumCepis (from `https://github.com/tladesignz/AdParticipesCumCepis.git`)
  - Stencil (~> 0.14)

SPEC REPOS:
  https://github.com/CocoaPods/Specs.git:
    - Eureka
    - GCDWebServer
    - ImageRow
    - IPtProxy
    - IPtProxyUI
    - MBProgressHUD
    - PathKit
    - ReachabilitySwift
    - Stencil
    - TLPhotoPicker
    - Tor
    - ZIPFoundation

EXTERNAL SOURCES:
  AdParticipesCumCepis:
    :git: https://github.com/tladesignz/AdParticipesCumCepis.git

CHECKOUT OPTIONS:
  AdParticipesCumCepis:
    :commit: 0ef44ba58e593f78a44c9cd2673b053036145d57
    :git: https://github.com/tladesignz/AdParticipesCumCepis.git

SPEC CHECKSUMS:
  AdParticipesCumCepis: c572ddf00fb7238d28b6c60a601ad52b39174b30
  Eureka: 60cf058f86a8fb3ed26165ba5292b9850361b0a6
  GCDWebServer: 2c156a56c8226e2d5c0c3f208a3621ccffbe3ce4
  ImageRow: e65b2e1a33f89062bf2a553a2aad61d975eb7428
  IPtProxy: db05b9af523b0df1605e14ed4e234c7cc3b15b00
  IPtProxyUI: 00f512d13cd9ba3ad1c8269c2a21f97718f1eaa7
  MBProgressHUD: 3ee5efcc380f6a79a7cc9b363dd669c5e1ae7406
  PathKit: 83b97c9c61b62e61ecafd598b33b2782575c33e4
  ReachabilitySwift: 985039c6f7b23a1da463388634119492ff86c825
  Stencil: f2dbb5c83f226454e413be27da3f3ba0fef8b996
  TLPhotoPicker: 939c40eaad130b69f9571e61e021e8120fa76329
  Tor: 628196f1e3d77ea26559e767ab091b784952bb8d
  ZIPFoundation: ae5b4b813d216d3bf0a148773267fff14bd51d37

PODFILE CHECKSUM: 704488b5009c4e372c0dbd3bb474c8cf2fe6ff57

COCOAPODS: 1.11.2
