PODS:
  - AdParticipesCumCepis (0.1.0):
    - GCDWebServer (~> 3.5)
    - IPtProxyUI (~> 2.1)
    - OrbotKit (~> 0.2)
    - TLPhotoPicker (~> 2.1)
    - Tor (~> 407.12)
    - ZIPFoundation (~> 0.9)
  - AdParticipesCumCepisExtension (0.1.0):
    - MBProgressHUD (~> 1.2)
  - Eureka (5.3.6)
  - GCDWebServer (3.5.4):
    - GCDWebServer/Core (= 3.5.4)
  - GCDWebServer/Core (3.5.4)
  - ImageRow (4.1.0):
    - Eureka (~> 5.3.5)
  - IPtProxy (2.0.0)
  - IPtProxyUI (2.1.0):
    - Eureka (~> 5.3)
    - ImageRow (~> 4.0)
    - IPtProxy (~> 2.0.0)
    - IPtProxyUI/App (= 2.1.0)
    - MBProgressHUD (~> 1.2)
    - ReachabilitySwift (~> 5.0)
  - IPtProxyUI/App (2.1.0):
    - Eureka (~> 5.3)
    - ImageRow (~> 4.0)
    - IPtProxy (~> 2.0.0)
    - MBProgressHUD (~> 1.2)
    - ReachabilitySwift (~> 5.0)
  - MBProgressHUD (1.2.0)
  - OrbotKit (0.2.2)
  - PathKit (1.0.1)
  - ReachabilitySwift (5.0.0)
  - Stencil (0.15.1):
    - PathKit (~> 1.0.0)
  - TLPhotoPicker (2.1.9)
  - Tor (407.12.1):
    - Tor/Core (= 407.12.1)
  - Tor/Core (407.12.1)
  - ZIPFoundation (0.9.16)

DEPENDENCIES:
  - AdParticipesCumCepis (from `https://github.com/tladesignz/AdParticipesCumCepis.git`)
  - AdParticipesCumCepisExtension (from `https://github.com/tladesignz/AdParticipesCumCepis.git`)
  - Stencil (~> 0.14)

SPEC REPOS:
  https://github.com/CocoaPods/Specs.git:
    - Eureka
    - GCDWebServer
    - ImageRow
    - IPtProxy
    - IPtProxyUI
    - MBProgressHUD
    - OrbotKit
    - PathKit
    - ReachabilitySwift
    - Stencil
    - TLPhotoPicker
    - Tor
    - ZIPFoundation

EXTERNAL SOURCES:
  AdParticipesCumCepis:
    :git: https://github.com/tladesignz/AdParticipesCumCepis.git
  AdParticipesCumCepisExtension:
    :git: https://github.com/tladesignz/AdParticipesCumCepis.git

CHECKOUT OPTIONS:
  AdParticipesCumCepis:
    :commit: 0ce7cec843d16ec0b3fb3c8f87d93085863d0c30
    :git: https://github.com/tladesignz/AdParticipesCumCepis.git
  AdParticipesCumCepisExtension:
    :commit: 0ce7cec843d16ec0b3fb3c8f87d93085863d0c30
    :git: https://github.com/tladesignz/AdParticipesCumCepis.git

SPEC CHECKSUMS:
  AdParticipesCumCepis: 64266d171423f4c50dccf363e6b2ffc43c0a20a5
  AdParticipesCumCepisExtension: 76dbd7767fd196ed66c8c8c2a03634efd623edbf
  Eureka: 28ad9dec6286cd7cd601fdf8e8df39bb7356a8f4
  GCDWebServer: 2c156a56c8226e2d5c0c3f208a3621ccffbe3ce4
  ImageRow: 880c0f052c5a89c80521b485c86ccf723a124e99
  IPtProxy: d33e998c68686b1e706612c310d246187c06c907
  IPtProxyUI: 60965d112972248e468d457c69eabdfb0747d7ed
  MBProgressHUD: 3ee5efcc380f6a79a7cc9b363dd669c5e1ae7406
  OrbotKit: 33dd047aa0d14812d7a08618f68ab1f0874e97f2
  PathKit: 83b97c9c61b62e61ecafd598b33b2782575c33e4
  ReachabilitySwift: 985039c6f7b23a1da463388634119492ff86c825
  Stencil: 5a1d7354da5ea800ba8e07e568e654171becc972
  TLPhotoPicker: 939c40eaad130b69f9571e61e021e8120fa76329
  Tor: 319ca0f3bc42c387736a2d6dc56de75ed0a30eaf
  ZIPFoundation: d170fa8e270b2a32bef9dcdcabff5b8f1a5deced

PODFILE CHECKSUM: 4153a26c14e2b88839f1d6d2fdf6dcaa0620bc45

COCOAPODS: 1.12.0
