// !$*UTF8*$!
{
	archiveVersion = 1;
	classes = {
	};
	objectVersion = 55;
	objects = {

/* Begin PBXBuildFile section */
		4B7B9C803F89372037ECC4B9 /* Pods_ActionExtension.framework in Frameworks */ = {isa = PBXBuildFile; fileRef = C18753A320CFD663C6E2AA6F /* Pods_ActionExtension.framework */; };
		A002D9B92772287D0011EFA0 /* Localizable.strings in Resources */ = {isa = PBXBuildFile; fileRef = A002D9BB2772287D0011EFA0 /* Localizable.strings */; };
		A0152EFA2BBC6B7200F9E745 /* PrivacyInfo.xcprivacy in Resources */ = {isa = PBXBuildFile; fileRef = A0152EF92BBC6B7200F9E745 /* PrivacyInfo.xcprivacy */; };
		A0152EFB2BBC6B7200F9E745 /* PrivacyInfo.xcprivacy in Resources */ = {isa = PBXBuildFile; fileRef = A0152EF92BBC6B7200F9E745 /* PrivacyInfo.xcprivacy */; };
		A030F19A27F35B4000BDD70D /* UniformTypeIdentifiers.framework in Frameworks */ = {isa = PBXBuildFile; fileRef = A030F19927F35B4000BDD70D /* UniformTypeIdentifiers.framework */; };
		A030F19F27F35B4000BDD70D /* ActionViewController.swift in Sources */ = {isa = PBXBuildFile; fileRef = A030F19E27F35B4000BDD70D /* ActionViewController.swift */; };
		A030F1A627F35B4000BDD70D /* ActionExtension.appex in Embed Foundation Extensions */ = {isa = PBXBuildFile; fileRef = A030F19827F35B4000BDD70D /* ActionExtension.appex */; settings = {ATTRIBUTES = (RemoveHeadersOnCopy, ); }; };
		A030F1B327F35CF400BDD70D /* Config.swift in Sources */ = {isa = PBXBuildFile; fileRef = A030F1AD27F35CF400BDD70D /* Config.swift */; };
		A030F1B427F35CF400BDD70D /* Config.swift in Sources */ = {isa = PBXBuildFile; fileRef = A030F1AD27F35CF400BDD70D /* Config.swift */; };
		A030F1B727F35CF400BDD70D /* Config.m in Sources */ = {isa = PBXBuildFile; fileRef = A030F1B127F35CF400BDD70D /* Config.m */; };
		A030F1B827F35CF400BDD70D /* Config.m in Sources */ = {isa = PBXBuildFile; fileRef = A030F1B127F35CF400BDD70D /* Config.m */; };
		A06C48B42770D9D2005FCAD1 /* OnionShareApp.swift in Sources */ = {isa = PBXBuildFile; fileRef = A06C48B32770D9D2005FCAD1 /* OnionShareApp.swift */; };
		A06C48B82770D9D3005FCAD1 /* Assets.xcassets in Resources */ = {isa = PBXBuildFile; fileRef = A06C48B72770D9D3005FCAD1 /* Assets.xcassets */; };
		A06C48FA2770DF48005FCAD1 /* WebServer.swift in Sources */ = {isa = PBXBuildFile; fileRef = A06C48F92770DF48005FCAD1 /* WebServer.swift */; };
		A06C49012770E0A4005FCAD1 /* static in Resources */ = {isa = PBXBuildFile; fileRef = A06C48FF2770E0A4005FCAD1 /* static */; };
		A06C49022770E0A4005FCAD1 /* templates in Resources */ = {isa = PBXBuildFile; fileRef = A06C49002770E0A4005FCAD1 /* templates */; };
		A06C49072770E800005FCAD1 /* LaunchScreen.xib in Resources */ = {isa = PBXBuildFile; fileRef = A06C49062770E800005FCAD1 /* LaunchScreen.xib */; };
		A06C49092770F12D005FCAD1 /* MainView.swift in Sources */ = {isa = PBXBuildFile; fileRef = A06C49082770F12D005FCAD1 /* MainView.swift */; };
		A0879CA929D1B7E3002BB4BD /* InfoPlist.strings in Resources */ = {isa = PBXBuildFile; fileRef = A0879CAB29D1B7E3002BB4BD /* InfoPlist.strings */; };
		A088657A27F444F900248399 /* Localizable.strings in Resources */ = {isa = PBXBuildFile; fileRef = A002D9BB2772287D0011EFA0 /* Localizable.strings */; };
		A088657B27F4453400248399 /* Assets.xcassets in Resources */ = {isa = PBXBuildFile; fileRef = A06C48B72770D9D3005FCAD1 /* Assets.xcassets */; };
		A088657F27F445EC00248399 /* Localizable.stringsdict in Resources */ = {isa = PBXBuildFile; fileRef = A088658227F445EC00248399 /* Localizable.stringsdict */; };
		A088658027F445EC00248399 /* Localizable.stringsdict in Resources */ = {isa = PBXBuildFile; fileRef = A088658227F445EC00248399 /* Localizable.stringsdict */; };
		A08E02682906EE56004EF895 /* AppDelegate.swift in Sources */ = {isa = PBXBuildFile; fileRef = A08E02672906EE56004EF895 /* AppDelegate.swift */; };
		C770F8E68B237B80325B6C4D /* Pods_OnionShare.framework in Frameworks */ = {isa = PBXBuildFile; fileRef = C112991FB18160E602DAC739 /* Pods_OnionShare.framework */; };
/* End PBXBuildFile section */

/* Begin PBXContainerItemProxy section */
		A030F1A427F35B4000BDD70D /* PBXContainerItemProxy */ = {
			isa = PBXContainerItemProxy;
			containerPortal = A06C48A82770D9D2005FCAD1 /* Project object */;
			proxyType = 1;
			remoteGlobalIDString = A030F19727F35B4000BDD70D;
			remoteInfo = ActionExtension;
		};
/* End PBXContainerItemProxy section */

/* Begin PBXCopyFilesBuildPhase section */
		A030F1A727F35B4000BDD70D /* Embed Foundation Extensions */ = {
			isa = PBXCopyFilesBuildPhase;
			buildActionMask = 2147483647;
			dstPath = "";
			dstSubfolderSpec = 13;
			files = (
				A030F1A627F35B4000BDD70D /* ActionExtension.appex in Embed Foundation Extensions */,
			);
			name = "Embed Foundation Extensions";
			runOnlyForDeploymentPostprocessing = 0;
		};
/* End PBXCopyFilesBuildPhase section */

/* Begin PBXFileReference section */
		1CE2DA8CDD566438A908293C /* Pods-OnionShare.release.xcconfig */ = {isa = PBXFileReference; includeInIndex = 1; lastKnownFileType = text.xcconfig; name = "Pods-OnionShare.release.xcconfig"; path = "Target Support Files/Pods-OnionShare/Pods-OnionShare.release.xcconfig"; sourceTree = "<group>"; };
		3FF82E22A2EE4A0ED28B06CE /* Pods-ActionExtension.debug.xcconfig */ = {isa = PBXFileReference; includeInIndex = 1; lastKnownFileType = text.xcconfig; name = "Pods-ActionExtension.debug.xcconfig"; path = "Target Support Files/Pods-ActionExtension/Pods-ActionExtension.debug.xcconfig"; sourceTree = "<group>"; };
		4086EFEDC42A5DC78D10B35F /* Pods-OnionShare.debug.xcconfig */ = {isa = PBXFileReference; includeInIndex = 1; lastKnownFileType = text.xcconfig; name = "Pods-OnionShare.debug.xcconfig"; path = "Target Support Files/Pods-OnionShare/Pods-OnionShare.debug.xcconfig"; sourceTree = "<group>"; };
		A002D9B52772279C0011EFA0 /* .bartycrouch.toml */ = {isa = PBXFileReference; lastKnownFileType = text; path = .bartycrouch.toml; sourceTree = "<group>"; xcLanguageSpecificationIdentifier = xcode.lang.yaml; };
		A002D9BA2772287D0011EFA0 /* en */ = {isa = PBXFileReference; lastKnownFileType = text.plist.strings; name = en; path = en.lproj/Localizable.strings; sourceTree = "<group>"; };
		A002D9BC277228940011EFA0 /* de */ = {isa = PBXFileReference; lastKnownFileType = text.plist.strings; name = de; path = de.lproj/Localizable.strings; sourceTree = "<group>"; };
		A0152EF52BBC4D9400F9E745 /* cs */ = {isa = PBXFileReference; lastKnownFileType = text.plist.strings; name = cs; path = cs.lproj/InfoPlist.strings; sourceTree = "<group>"; };
		A0152EF92BBC6B7200F9E745 /* PrivacyInfo.xcprivacy */ = {isa = PBXFileReference; fileEncoding = 4; lastKnownFileType = text.xml; path = PrivacyInfo.xcprivacy; sourceTree = "<group>"; };
		A019CDAC29E80BF500FE5B7E /* af */ = {isa = PBXFileReference; lastKnownFileType = text.plist.strings; name = af; path = af.lproj/Localizable.strings; sourceTree = "<group>"; };
		A019CDAD29E80BF500FE5B7E /* af */ = {isa = PBXFileReference; lastKnownFileType = text.plist.stringsdict; name = af; path = af.lproj/Localizable.stringsdict; sourceTree = "<group>"; };
		A019CDAE29E80CAF00FE5B7E /* pl */ = {isa = PBXFileReference; lastKnownFileType = text.plist.strings; name = pl; path = pl.lproj/Localizable.strings; sourceTree = "<group>"; };
		A02704D7297FEB6F001D1C2E /* fr */ = {isa = PBXFileReference; lastKnownFileType = text.plist.strings; name = fr; path = fr.lproj/Localizable.strings; sourceTree = "<group>"; };
		A02704D8297FEB6F001D1C2E /* fr */ = {isa = PBXFileReference; lastKnownFileType = text.plist.stringsdict; name = fr; path = fr.lproj/Localizable.stringsdict; sourceTree = "<group>"; };
		A030F19827F35B4000BDD70D /* ActionExtension.appex */ = {isa = PBXFileReference; explicitFileType = "wrapper.app-extension"; includeInIndex = 0; path = ActionExtension.appex; sourceTree = BUILT_PRODUCTS_DIR; };
		A030F19927F35B4000BDD70D /* UniformTypeIdentifiers.framework */ = {isa = PBXFileReference; lastKnownFileType = wrapper.framework; name = UniformTypeIdentifiers.framework; path = System/Library/Frameworks/UniformTypeIdentifiers.framework; sourceTree = SDKROOT; };
		A030F19E27F35B4000BDD70D /* ActionViewController.swift */ = {isa = PBXFileReference; lastKnownFileType = sourcecode.swift; path = ActionViewController.swift; sourceTree = "<group>"; };
		A030F1A327F35B4000BDD70D /* Info.plist */ = {isa = PBXFileReference; lastKnownFileType = text.plist.xml; path = Info.plist; sourceTree = "<group>"; };
		A030F1AD27F35CF400BDD70D /* Config.swift */ = {isa = PBXFileReference; fileEncoding = 4; lastKnownFileType = sourcecode.swift; path = Config.swift; sourceTree = "<group>"; };
		A030F1AE27F35CF400BDD70D /* Config.h */ = {isa = PBXFileReference; fileEncoding = 4; lastKnownFileType = sourcecode.c.h; path = Config.h; sourceTree = "<group>"; };
		A030F1AF27F35CF400BDD70D /* OnionShare-Bridging-Header.h */ = {isa = PBXFileReference; fileEncoding = 4; lastKnownFileType = sourcecode.c.h; path = "OnionShare-Bridging-Header.h"; sourceTree = "<group>"; };
		A030F1B027F35CF400BDD70D /* Config.xcconfig */ = {isa = PBXFileReference; fileEncoding = 4; lastKnownFileType = text.xcconfig; path = Config.xcconfig; sourceTree = "<group>"; };
		A030F1B127F35CF400BDD70D /* Config.m */ = {isa = PBXFileReference; fileEncoding = 4; lastKnownFileType = sourcecode.c.objc; path = Config.m; sourceTree = "<group>"; };
		A030F1B227F35CF400BDD70D /* OnionShare.entitlements */ = {isa = PBXFileReference; fileEncoding = 4; lastKnownFileType = text.plist.entitlements; path = OnionShare.entitlements; sourceTree = "<group>"; };
		A03A9FC729B611F1004FE2EE /* it */ = {isa = PBXFileReference; lastKnownFileType = text.plist.strings; name = it; path = it.lproj/Localizable.strings; sourceTree = "<group>"; };
		A0426B0028F705AD00423750 /* el */ = {isa = PBXFileReference; lastKnownFileType = text.plist.strings; name = el; path = el.lproj/Localizable.strings; sourceTree = "<group>"; };
		A0426B0128F705AD00423750 /* el */ = {isa = PBXFileReference; lastKnownFileType = text.plist.stringsdict; name = el; path = el.lproj/Localizable.stringsdict; sourceTree = "<group>"; };
		A0426B0228F7062700423750 /* nb-NO */ = {isa = PBXFileReference; lastKnownFileType = text.plist.strings; name = "nb-NO"; path = "nb-NO.lproj/Localizable.strings"; sourceTree = "<group>"; };
		A0426B0328F7062700423750 /* nb-NO */ = {isa = PBXFileReference; lastKnownFileType = text.plist.stringsdict; name = "nb-NO"; path = "nb-NO.lproj/Localizable.stringsdict"; sourceTree = "<group>"; };
		A04680F82A0E2922002F2B6B /* en */ = {isa = PBXFileReference; lastKnownFileType = text.plist.strings; name = en; path = en.lproj/InfoPlist.strings; sourceTree = "<group>"; };
		A04680F92A0E2925002F2B6B /* af */ = {isa = PBXFileReference; lastKnownFileType = text.plist.strings; name = af; path = af.lproj/InfoPlist.strings; sourceTree = "<group>"; };
		A04680FA2A0E2928002F2B6B /* sq */ = {isa = PBXFileReference; lastKnownFileType = text.plist.strings; name = sq; path = sq.lproj/InfoPlist.strings; sourceTree = "<group>"; };
		A04680FB2A0E292B002F2B6B /* ca */ = {isa = PBXFileReference; lastKnownFileType = text.plist.strings; name = ca; path = ca.lproj/InfoPlist.strings; sourceTree = "<group>"; };
		A04680FC2A0E292D002F2B6B /* zh-Hans */ = {isa = PBXFileReference; lastKnownFileType = text.plist.strings; name = "zh-Hans"; path = "zh-Hans.lproj/InfoPlist.strings"; sourceTree = "<group>"; };
		A04680FD2A0E292F002F2B6B /* zh-Hant */ = {isa = PBXFileReference; lastKnownFileType = text.plist.strings; name = "zh-Hant"; path = "zh-Hant.lproj/InfoPlist.strings"; sourceTree = "<group>"; };
		A04680FE2A0E2932002F2B6B /* fr */ = {isa = PBXFileReference; lastKnownFileType = text.plist.strings; name = fr; path = fr.lproj/InfoPlist.strings; sourceTree = "<group>"; };
		A04680FF2A0E2938002F2B6B /* de */ = {isa = PBXFileReference; lastKnownFileType = text.plist.strings; name = de; path = de.lproj/InfoPlist.strings; sourceTree = "<group>"; };
		A04681002A0E293A002F2B6B /* el */ = {isa = PBXFileReference; lastKnownFileType = text.plist.strings; name = el; path = el.lproj/InfoPlist.strings; sourceTree = "<group>"; };
		A04681012A0E293E002F2B6B /* nb-NO */ = {isa = PBXFileReference; lastKnownFileType = text.plist.strings; name = "nb-NO"; path = "nb-NO.lproj/InfoPlist.strings"; sourceTree = "<group>"; };
		A04681022A0E2941002F2B6B /* pl */ = {isa = PBXFileReference; lastKnownFileType = text.plist.strings; name = pl; path = pl.lproj/InfoPlist.strings; sourceTree = "<group>"; };
		A04681032A0E2943002F2B6B /* es */ = {isa = PBXFileReference; lastKnownFileType = text.plist.strings; name = es; path = es.lproj/InfoPlist.strings; sourceTree = "<group>"; };
		A04681042A0E2946002F2B6B /* tr */ = {isa = PBXFileReference; lastKnownFileType = text.plist.strings; name = tr; path = tr.lproj/InfoPlist.strings; sourceTree = "<group>"; };
		A04681052A0E2949002F2B6B /* uk */ = {isa = PBXFileReference; lastKnownFileType = text.plist.strings; name = uk; path = uk.lproj/InfoPlist.strings; sourceTree = "<group>"; };
		A052F0862A307CCA0015ED76 /* be */ = {isa = PBXFileReference; lastKnownFileType = text.plist.strings; name = be; path = be.lproj/Localizable.strings; sourceTree = "<group>"; };
		A05486A82AE931C40083B6DC /* be */ = {isa = PBXFileReference; lastKnownFileType = text.plist.stringsdict; name = be; path = be.lproj/Localizable.stringsdict; sourceTree = "<group>"; };
		A066D80628EAFD06003FEF59 /* es */ = {isa = PBXFileReference; lastKnownFileType = text.plist.strings; name = es; path = es.lproj/Localizable.strings; sourceTree = "<group>"; };
		A066D80728EAFD06003FEF59 /* es */ = {isa = PBXFileReference; lastKnownFileType = text.plist.stringsdict; name = es; path = es.lproj/Localizable.stringsdict; sourceTree = "<group>"; };
		A066D80828EAFD49003FEF59 /* uk */ = {isa = PBXFileReference; lastKnownFileType = text.plist.strings; name = uk; path = uk.lproj/Localizable.strings; sourceTree = "<group>"; };
		A066D80928EAFD49003FEF59 /* uk */ = {isa = PBXFileReference; lastKnownFileType = text.plist.stringsdict; name = uk; path = uk.lproj/Localizable.stringsdict; sourceTree = "<group>"; };
		A066D80A28EAFD8A003FEF59 /* tr */ = {isa = PBXFileReference; lastKnownFileType = text.plist.strings; name = tr; path = tr.lproj/Localizable.strings; sourceTree = "<group>"; };
		A066D80B28EAFD8A003FEF59 /* tr */ = {isa = PBXFileReference; lastKnownFileType = text.plist.stringsdict; name = tr; path = tr.lproj/Localizable.stringsdict; sourceTree = "<group>"; };
		A069888F2A5C53E300BF6248 /* ar */ = {isa = PBXFileReference; lastKnownFileType = text.plist.strings; name = ar; path = ar.lproj/Localizable.strings; sourceTree = "<group>"; };
		A06C48B02770D9D2005FCAD1 /* OnionShare.app */ = {isa = PBXFileReference; explicitFileType = wrapper.application; includeInIndex = 0; path = OnionShare.app; sourceTree = BUILT_PRODUCTS_DIR; };
		A06C48B32770D9D2005FCAD1 /* OnionShareApp.swift */ = {isa = PBXFileReference; lastKnownFileType = sourcecode.swift; path = OnionShareApp.swift; sourceTree = "<group>"; };
		A06C48B72770D9D3005FCAD1 /* Assets.xcassets */ = {isa = PBXFileReference; lastKnownFileType = folder.assetcatalog; path = Assets.xcassets; sourceTree = "<group>"; };
		A06C48C22770DABC005FCAD1 /* Podfile */ = {isa = PBXFileReference; indentWidth = 2; lastKnownFileType = text; path = Podfile; sourceTree = "<group>"; tabWidth = 2; xcLanguageSpecificationIdentifier = xcode.lang.ruby; };
		A06C48C32770DABC005FCAD1 /* README.md */ = {isa = PBXFileReference; lastKnownFileType = net.daringfireball.markdown; path = README.md; sourceTree = "<group>"; };
		A06C48C42770DABC005FCAD1 /* Podfile.lock */ = {isa = PBXFileReference; lastKnownFileType = text; path = Podfile.lock; sourceTree = "<group>"; xcLanguageSpecificationIdentifier = xcode.lang.ruby; };
		A06C48C52770DABC005FCAD1 /* LICENSE */ = {isa = PBXFileReference; lastKnownFileType = text; path = LICENSE; sourceTree = "<group>"; };
		A06C48C62770DD50005FCAD1 /* .gitignore */ = {isa = PBXFileReference; lastKnownFileType = text; path = .gitignore; sourceTree = "<group>"; };
		A06C48F92770DF48005FCAD1 /* WebServer.swift */ = {isa = PBXFileReference; fileEncoding = 4; lastKnownFileType = sourcecode.swift; path = WebServer.swift; sourceTree = "<group>"; };
		A06C48FF2770E0A4005FCAD1 /* static */ = {isa = PBXFileReference; lastKnownFileType = folder; path = static; sourceTree = "<group>"; };
		A06C49002770E0A4005FCAD1 /* templates */ = {isa = PBXFileReference; lastKnownFileType = folder; path = templates; sourceTree = "<group>"; };
		A06C49032770E16B005FCAD1 /* Info.plist */ = {isa = PBXFileReference; lastKnownFileType = text.plist; path = Info.plist; sourceTree = "<group>"; };
		A06C49062770E800005FCAD1 /* LaunchScreen.xib */ = {isa = PBXFileReference; lastKnownFileType = file.xib; path = LaunchScreen.xib; sourceTree = "<group>"; };
		A06C49082770F12D005FCAD1 /* MainView.swift */ = {isa = PBXFileReference; lastKnownFileType = sourcecode.swift; path = MainView.swift; sourceTree = "<group>"; };
		A06D948729A3AD8E003AFFD5 /* vi */ = {isa = PBXFileReference; lastKnownFileType = text.plist.strings; name = vi; path = vi.lproj/Localizable.strings; sourceTree = "<group>"; };
		A06D948829A3AD8F003AFFD5 /* vi */ = {isa = PBXFileReference; lastKnownFileType = text.plist.stringsdict; name = vi; path = vi.lproj/Localizable.stringsdict; sourceTree = "<group>"; };
		A07C725228FD87C800D6F291 /* ja */ = {isa = PBXFileReference; lastKnownFileType = text.plist.strings; name = ja; path = ja.lproj/Localizable.strings; sourceTree = "<group>"; };
		A07C725428FD895200D6F291 /* ja */ = {isa = PBXFileReference; lastKnownFileType = text.plist.stringsdict; name = ja; path = ja.lproj/Localizable.stringsdict; sourceTree = "<group>"; };
		A081818428F6FD5F00795680 /* weblate.ini */ = {isa = PBXFileReference; lastKnownFileType = text; path = weblate.ini; sourceTree = "<group>"; };
		A086BE1F297EB0B90052D529 /* cs */ = {isa = PBXFileReference; lastKnownFileType = text.plist.strings; name = cs; path = cs.lproj/Localizable.strings; sourceTree = "<group>"; };
		A086BE23297EB1F20052D529 /* fi */ = {isa = PBXFileReference; lastKnownFileType = text.plist.strings; name = fi; path = fi.lproj/Localizable.strings; sourceTree = "<group>"; };
		A086BE24297EB1F20052D529 /* fi */ = {isa = PBXFileReference; lastKnownFileType = text.plist.stringsdict; name = fi; path = fi.lproj/Localizable.stringsdict; sourceTree = "<group>"; };
		A086BE26297EB3450052D529 /* pl */ = {isa = PBXFileReference; lastKnownFileType = text.plist.stringsdict; name = pl; path = pl.lproj/Localizable.stringsdict; sourceTree = "<group>"; };
		A086BE27297EB39C0052D529 /* sq */ = {isa = PBXFileReference; lastKnownFileType = text.plist.strings; name = sq; path = sq.lproj/Localizable.strings; sourceTree = "<group>"; };
		A0879C9E29D1ACED002BB4BD /* fa */ = {isa = PBXFileReference; lastKnownFileType = text.plist.strings; name = fa; path = fa.lproj/Localizable.strings; sourceTree = "<group>"; };
		A0879CA029D1ADA7002BB4BD /* zh-Hant */ = {isa = PBXFileReference; lastKnownFileType = text.plist.strings; name = "zh-Hant"; path = "zh-Hant.lproj/Localizable.strings"; sourceTree = "<group>"; };
		A0879CA129D1ADA7002BB4BD /* zh-Hant */ = {isa = PBXFileReference; lastKnownFileType = text.plist.stringsdict; name = "zh-Hant"; path = "zh-Hant.lproj/Localizable.stringsdict"; sourceTree = "<group>"; usesTabs = 1; };
		A0879CAD29D1C430002BB4BD /* CHANGELOG.md */ = {isa = PBXFileReference; lastKnownFileType = net.daringfireball.markdown; path = CHANGELOG.md; sourceTree = "<group>"; };
		A088658127F445EC00248399 /* en */ = {isa = PBXFileReference; lastKnownFileType = text.plist.stringsdict; name = en; path = en.lproj/Localizable.stringsdict; sourceTree = "<group>"; };
		A088658327F4460100248399 /* de */ = {isa = PBXFileReference; lastKnownFileType = text.plist.stringsdict; name = de; path = de.lproj/Localizable.stringsdict; sourceTree = "<group>"; };
		A08E02672906EE56004EF895 /* AppDelegate.swift */ = {isa = PBXFileReference; lastKnownFileType = sourcecode.swift; path = AppDelegate.swift; sourceTree = "<group>"; };
		A0946AB72E1FB66200DE4291 /* ga */ = {isa = PBXFileReference; lastKnownFileType = text.plist.strings; name = ga; path = ga.lproj/Localizable.strings; sourceTree = "<group>"; };
		A0946AB82E1FB66F00DE4291 /* ga */ = {isa = PBXFileReference; lastKnownFileType = text.plist.stringsdict; name = ga; path = ga.lproj/Localizable.stringsdict; sourceTree = "<group>"; };
		A0946ABD2E1FB6FB00DE4291 /* hy */ = {isa = PBXFileReference; lastKnownFileType = text.plist.strings; name = hy; path = hy.lproj/Localizable.strings; sourceTree = "<group>"; };
		A0946ABE2E1FB6FB00DE4291 /* hy */ = {isa = PBXFileReference; lastKnownFileType = text.plist.stringsdict; name = hy; path = hy.lproj/Localizable.stringsdict; sourceTree = "<group>"; };
		A0946ABF2E1FB8BC00DE4291 /* kab */ = {isa = PBXFileReference; lastKnownFileType = text.plist.strings; name = kab; path = kab.lproj/Localizable.strings; sourceTree = "<group>"; };
		A0946AC02E1FB8BC00DE4291 /* kab */ = {isa = PBXFileReference; lastKnownFileType = text.plist.stringsdict; name = kab; path = kab.lproj/Localizable.stringsdict; sourceTree = "<group>"; };
		A0946AC12E1FB8CF00DE4291 /* kab */ = {isa = PBXFileReference; lastKnownFileType = text.plist.strings; name = kab; path = kab.lproj/InfoPlist.strings; sourceTree = "<group>"; };
		A0946AC32E1FB98700DE4291 /* ko */ = {isa = PBXFileReference; lastKnownFileType = text.plist.strings; name = ko; path = ko.lproj/Localizable.strings; sourceTree = "<group>"; };
		A0946AC42E1FB99000DE4291 /* ko */ = {isa = PBXFileReference; lastKnownFileType = text.plist.stringsdict; name = ko; path = ko.lproj/Localizable.stringsdict; sourceTree = "<group>"; };
		A0946AC62E1FBA4900DE4291 /* ru */ = {isa = PBXFileReference; lastKnownFileType = text.plist.strings; name = ru; path = ru.lproj/Localizable.strings; sourceTree = "<group>"; };
		A0946AC72E1FBA5000DE4291 /* ru */ = {isa = PBXFileReference; lastKnownFileType = text.plist.stringsdict; name = ru; path = ru.lproj/Localizable.stringsdict; sourceTree = "<group>"; };
		A0946AC82E1FBAC900DE4291 /* sc */ = {isa = PBXFileReference; lastKnownFileType = text.plist.strings; name = sc; path = sc.lproj/Localizable.strings; sourceTree = "<group>"; };
		A0946AC92E1FBAC900DE4291 /* sc */ = {isa = PBXFileReference; lastKnownFileType = text.plist.stringsdict; name = sc; path = sc.lproj/Localizable.stringsdict; sourceTree = "<group>"; };
		A0946ACA2E1FBACF00DE4291 /* sc */ = {isa = PBXFileReference; lastKnownFileType = text.plist.strings; name = sc; path = sc.lproj/InfoPlist.strings; sourceTree = "<group>"; };
		A0946ACB2E1FBB3800DE4291 /* sk */ = {isa = PBXFileReference; lastKnownFileType = text.plist.strings; name = sk; path = sk.lproj/Localizable.strings; sourceTree = "<group>"; };
		A0946ACC2E1FBB3800DE4291 /* sk */ = {isa = PBXFileReference; lastKnownFileType = text.plist.stringsdict; name = sk; path = sk.lproj/Localizable.stringsdict; sourceTree = "<group>"; };
		A0946ACD2E1FBB3E00DE4291 /* sk */ = {isa = PBXFileReference; lastKnownFileType = text.plist.strings; name = sk; path = sk.lproj/InfoPlist.strings; sourceTree = "<group>"; };
		A0946ACE2E1FBBEB00DE4291 /* sv-SE */ = {isa = PBXFileReference; lastKnownFileType = text.plist.strings; name = "sv-SE"; path = "sv-SE.lproj/InfoPlist.strings"; sourceTree = "<group>"; };
		A0946ACF2E1FBC9500DE4291 /* ta */ = {isa = PBXFileReference; lastKnownFileType = text.plist.strings; name = ta; path = ta.lproj/Localizable.strings; sourceTree = "<group>"; };
		A0946AD02E1FBC9500DE4291 /* ta */ = {isa = PBXFileReference; lastKnownFileType = text.plist.stringsdict; name = ta; path = ta.lproj/Localizable.stringsdict; sourceTree = "<group>"; };
		A0946AD12E1FBC9A00DE4291 /* ta */ = {isa = PBXFileReference; lastKnownFileType = text.plist.strings; name = ta; path = ta.lproj/InfoPlist.strings; sourceTree = "<group>"; };
		A0B20B1B2AC1E83F0044C2FA /* ar */ = {isa = PBXFileReference; lastKnownFileType = text.plist.stringsdict; name = ar; path = ar.lproj/Localizable.stringsdict; sourceTree = "<group>"; };
		A0B20B1C2AC1E89D0044C2FA /* bg */ = {isa = PBXFileReference; lastKnownFileType = text.plist.strings; name = bg; path = bg.lproj/Localizable.strings; sourceTree = "<group>"; };
		A0B20B1D2AC1E89D0044C2FA /* bg */ = {isa = PBXFileReference; lastKnownFileType = text.plist.stringsdict; name = bg; path = bg.lproj/Localizable.stringsdict; sourceTree = "<group>"; };
		A0B20B1E2AC1E9840044C2FA /* sw */ = {isa = PBXFileReference; lastKnownFileType = text.plist.strings; name = sw; path = sw.lproj/Localizable.strings; sourceTree = "<group>"; };
		A0B20B1F2AC1E9840044C2FA /* sw */ = {isa = PBXFileReference; lastKnownFileType = text.plist.stringsdict; name = sw; path = sw.lproj/Localizable.stringsdict; sourceTree = "<group>"; };
		A0B62D892B5EC4A3009DB631 /* ar */ = {isa = PBXFileReference; lastKnownFileType = text.plist.strings; name = ar; path = ar.lproj/InfoPlist.strings; sourceTree = "<group>"; };
		A0B62D8A2B5EC4E8009DB631 /* be */ = {isa = PBXFileReference; lastKnownFileType = text.plist.strings; name = be; path = be.lproj/InfoPlist.strings; sourceTree = "<group>"; };
		A0B62D8B2B5EC4F4009DB631 /* bg */ = {isa = PBXFileReference; lastKnownFileType = text.plist.strings; name = bg; path = bg.lproj/InfoPlist.strings; sourceTree = "<group>"; };
		A0B62D8F2B5EC5C4009DB631 /* hr */ = {isa = PBXFileReference; lastKnownFileType = text.plist.strings; name = hr; path = hr.lproj/InfoPlist.strings; sourceTree = "<group>"; };
		A0B62D902B5EC5E2009DB631 /* is */ = {isa = PBXFileReference; lastKnownFileType = text.plist.strings; name = is; path = is.lproj/InfoPlist.strings; sourceTree = "<group>"; };
		A0B62D912B5EC5EF009DB631 /* ja */ = {isa = PBXFileReference; lastKnownFileType = text.plist.strings; name = ja; path = ja.lproj/InfoPlist.strings; sourceTree = "<group>"; };
		A0B62D932B5EC755009DB631 /* sw */ = {isa = PBXFileReference; lastKnownFileType = text.plist.strings; name = sw; path = sw.lproj/InfoPlist.strings; sourceTree = "<group>"; };
		A0B62D942B5EC771009DB631 /* vi */ = {isa = PBXFileReference; lastKnownFileType = text.plist.strings; name = vi; path = vi.lproj/InfoPlist.strings; sourceTree = "<group>"; };
		A0B62D952B5ECACE009DB631 /* hr */ = {isa = PBXFileReference; lastKnownFileType = text.plist.strings; name = hr; path = hr.lproj/Localizable.strings; sourceTree = "<group>"; };
		A0B62D962B5ECAE7009DB631 /* hr */ = {isa = PBXFileReference; lastKnownFileType = text.plist.stringsdict; name = hr; path = hr.lproj/Localizable.stringsdict; sourceTree = "<group>"; usesTabs = 1; };
		A0B62D982B5ECB54009DB631 /* sv-SE */ = {isa = PBXFileReference; lastKnownFileType = text.plist.strings; name = "sv-SE"; path = "sv-SE.lproj/Localizable.strings"; sourceTree = "<group>"; };
		A0EAF25B2930E401003D2DCB /* bo */ = {isa = PBXFileReference; lastKnownFileType = text.plist.strings; name = bo; path = bo.lproj/Localizable.strings; sourceTree = "<group>"; };
		A0EAF25C2930E401003D2DCB /* bo */ = {isa = PBXFileReference; lastKnownFileType = text.plist.stringsdict; name = bo; path = bo.lproj/Localizable.stringsdict; sourceTree = "<group>"; };
		A0EAF25D2930E52E003D2DCB /* ca */ = {isa = PBXFileReference; lastKnownFileType = text.plist.strings; name = ca; path = ca.lproj/Localizable.strings; sourceTree = "<group>"; };
		A0EAF25E2930E52E003D2DCB /* ca */ = {isa = PBXFileReference; lastKnownFileType = text.plist.stringsdict; name = ca; path = ca.lproj/Localizable.stringsdict; sourceTree = "<group>"; };
		A0EAF25F2930E5E5003D2DCB /* is */ = {isa = PBXFileReference; lastKnownFileType = text.plist.strings; name = is; path = is.lproj/Localizable.strings; sourceTree = "<group>"; };
		A0EAF2602930E5E5003D2DCB /* is */ = {isa = PBXFileReference; lastKnownFileType = text.plist.stringsdict; name = is; path = is.lproj/Localizable.stringsdict; sourceTree = "<group>"; };
		A0EAF2622930E75F003D2DCB /* zh-Hans */ = {isa = PBXFileReference; lastKnownFileType = text.plist.strings; name = "zh-Hans"; path = "zh-Hans.lproj/Localizable.strings"; sourceTree = "<group>"; };
		A0EAF2632930E75F003D2DCB /* zh-Hans */ = {isa = PBXFileReference; lastKnownFileType = text.plist.stringsdict; name = "zh-Hans"; path = "zh-Hans.lproj/Localizable.stringsdict"; sourceTree = "<group>"; };
		A0EAF2652930E830003D2DCB /* it */ = {isa = PBXFileReference; lastKnownFileType = text.plist.stringsdict; name = it; path = it.lproj/Localizable.stringsdict; sourceTree = "<group>"; };
		A0F681AE29F42A0300FEBD5A /* sq */ = {isa = PBXFileReference; lastKnownFileType = text.plist.stringsdict; name = sq; path = sq.lproj/Localizable.stringsdict; sourceTree = "<group>"; };
		A0F87B962948DA3B00808689 /* fastlane */ = {isa = PBXFileReference; lastKnownFileType = folder; path = fastlane; sourceTree = "<group>"; };
		C112991FB18160E602DAC739 /* Pods_OnionShare.framework */ = {isa = PBXFileReference; explicitFileType = wrapper.framework; includeInIndex = 0; path = Pods_OnionShare.framework; sourceTree = BUILT_PRODUCTS_DIR; };
		C18753A320CFD663C6E2AA6F /* Pods_ActionExtension.framework */ = {isa = PBXFileReference; explicitFileType = wrapper.framework; includeInIndex = 0; path = Pods_ActionExtension.framework; sourceTree = BUILT_PRODUCTS_DIR; };
		F498EA9C3F153D2B18FC392A /* Pods-ActionExtension.release.xcconfig */ = {isa = PBXFileReference; includeInIndex = 1; lastKnownFileType = text.xcconfig; name = "Pods-ActionExtension.release.xcconfig"; path = "Target Support Files/Pods-ActionExtension/Pods-ActionExtension.release.xcconfig"; sourceTree = "<group>"; };
/* End PBXFileReference section */

/* Begin PBXFrameworksBuildPhase section */
		A030F19527F35B4000BDD70D /* Frameworks */ = {
			isa = PBXFrameworksBuildPhase;
			buildActionMask = 2147483647;
			files = (
				A030F19A27F35B4000BDD70D /* UniformTypeIdentifiers.framework in Frameworks */,
				4B7B9C803F89372037ECC4B9 /* Pods_ActionExtension.framework in Frameworks */,
			);
			runOnlyForDeploymentPostprocessing = 0;
		};
		A06C48AD2770D9D2005FCAD1 /* Frameworks */ = {
			isa = PBXFrameworksBuildPhase;
			buildActionMask = 2147483647;
			files = (
				C770F8E68B237B80325B6C4D /* Pods_OnionShare.framework in Frameworks */,
			);
			runOnlyForDeploymentPostprocessing = 0;
		};
/* End PBXFrameworksBuildPhase section */

/* Begin PBXGroup section */
		69C42A8AECDDAAE2C0BA0E87 /* Frameworks */ = {
			isa = PBXGroup;
			children = (
				C112991FB18160E602DAC739 /* Pods_OnionShare.framework */,
				A030F19927F35B4000BDD70D /* UniformTypeIdentifiers.framework */,
				C18753A320CFD663C6E2AA6F /* Pods_ActionExtension.framework */,
			);
			name = Frameworks;
			sourceTree = "<group>";
		};
		89F61E0EAA6DBF8A70B2A7E5 /* Pods */ = {
			isa = PBXGroup;
			children = (
				4086EFEDC42A5DC78D10B35F /* Pods-OnionShare.debug.xcconfig */,
				1CE2DA8CDD566438A908293C /* Pods-OnionShare.release.xcconfig */,
				3FF82E22A2EE4A0ED28B06CE /* Pods-ActionExtension.debug.xcconfig */,
				F498EA9C3F153D2B18FC392A /* Pods-ActionExtension.release.xcconfig */,
			);
			path = Pods;
			sourceTree = "<group>";
		};
		A030F19B27F35B4000BDD70D /* ActionExtension */ = {
			isa = PBXGroup;
			children = (
				A030F19E27F35B4000BDD70D /* ActionViewController.swift */,
				A030F1A327F35B4000BDD70D /* Info.plist */,
			);
			path = ActionExtension;
			sourceTree = "<group>";
		};
		A030F1AC27F35CF400BDD70D /* Shared */ = {
			isa = PBXGroup;
			children = (
				A030F1B027F35CF400BDD70D /* Config.xcconfig */,
				A030F1AE27F35CF400BDD70D /* Config.h */,
				A030F1B127F35CF400BDD70D /* Config.m */,
				A030F1AD27F35CF400BDD70D /* Config.swift */,
				A030F1AF27F35CF400BDD70D /* OnionShare-Bridging-Header.h */,
				A030F1B227F35CF400BDD70D /* OnionShare.entitlements */,
				A06C48B72770D9D3005FCAD1 /* Assets.xcassets */,
				A002D9BB2772287D0011EFA0 /* Localizable.strings */,
				A088658227F445EC00248399 /* Localizable.stringsdict */,
				A0152EF92BBC6B7200F9E745 /* PrivacyInfo.xcprivacy */,
			);
			path = Shared;
			sourceTree = "<group>";
		};
		A06C48A72770D9D2005FCAD1 = {
			isa = PBXGroup;
			children = (
				A06C48C12770DAA6005FCAD1 /* Build */,
				A06C48B22770D9D2005FCAD1 /* OnionShare */,
				A030F1AC27F35CF400BDD70D /* Shared */,
				A030F19B27F35B4000BDD70D /* ActionExtension */,
				A06C48FE2770E069005FCAD1 /* Resources */,
				A06C48B12770D9D2005FCAD1 /* Products */,
				89F61E0EAA6DBF8A70B2A7E5 /* Pods */,
				69C42A8AECDDAAE2C0BA0E87 /* Frameworks */,
			);
			sourceTree = "<group>";
		};
		A06C48B12770D9D2005FCAD1 /* Products */ = {
			isa = PBXGroup;
			children = (
				A06C48B02770D9D2005FCAD1 /* OnionShare.app */,
				A030F19827F35B4000BDD70D /* ActionExtension.appex */,
			);
			name = Products;
			sourceTree = "<group>";
		};
		A06C48B22770D9D2005FCAD1 /* OnionShare */ = {
			isa = PBXGroup;
			children = (
				A06C48B32770D9D2005FCAD1 /* OnionShareApp.swift */,
				A08E02672906EE56004EF895 /* AppDelegate.swift */,
				A06C49082770F12D005FCAD1 /* MainView.swift */,
				A06C48F92770DF48005FCAD1 /* WebServer.swift */,
				A06C49062770E800005FCAD1 /* LaunchScreen.xib */,
				A06C49032770E16B005FCAD1 /* Info.plist */,
				A0879CAB29D1B7E3002BB4BD /* InfoPlist.strings */,
			);
			path = OnionShare;
			sourceTree = "<group>";
		};
		A06C48C12770DAA6005FCAD1 /* Build */ = {
			isa = PBXGroup;
			children = (
				A06C48C32770DABC005FCAD1 /* README.md */,
				A0879CAD29D1C430002BB4BD /* CHANGELOG.md */,
				A06C48C52770DABC005FCAD1 /* LICENSE */,
				A06C48C22770DABC005FCAD1 /* Podfile */,
				A06C48C42770DABC005FCAD1 /* Podfile.lock */,
				A002D9B52772279C0011EFA0 /* .bartycrouch.toml */,
				A06C48C62770DD50005FCAD1 /* .gitignore */,
				A081818428F6FD5F00795680 /* weblate.ini */,
				A0F87B962948DA3B00808689 /* fastlane */,
			);
			name = Build;
			sourceTree = "<group>";
		};
		A06C48FE2770E069005FCAD1 /* Resources */ = {
			isa = PBXGroup;
			children = (
				A06C48FF2770E0A4005FCAD1 /* static */,
				A06C49002770E0A4005FCAD1 /* templates */,
			);
			path = Resources;
			sourceTree = "<group>";
		};
/* End PBXGroup section */

/* Begin PBXNativeTarget section */
		A030F19727F35B4000BDD70D /* ActionExtension */ = {
			isa = PBXNativeTarget;
			buildConfigurationList = A030F1AA27F35B4000BDD70D /* Build configuration list for PBXNativeTarget "ActionExtension" */;
			buildPhases = (
				A15392A9DD7D303A87CF1429 /* [CP] Check Pods Manifest.lock */,
				A030F19427F35B4000BDD70D /* Sources */,
				A030F19527F35B4000BDD70D /* Frameworks */,
				A030F19627F35B4000BDD70D /* Resources */,
			);
			buildRules = (
			);
			dependencies = (
			);
			name = ActionExtension;
			productName = ActionExtension;
			productReference = A030F19827F35B4000BDD70D /* ActionExtension.appex */;
			productType = "com.apple.product-type.app-extension";
		};
		A06C48AF2770D9D2005FCAD1 /* OnionShare */ = {
			isa = PBXNativeTarget;
			buildConfigurationList = A06C48BE2770D9D3005FCAD1 /* Build configuration list for PBXNativeTarget "OnionShare" */;
			buildPhases = (
				10754EDBE7FD5C3DC600D5F7 /* [CP] Check Pods Manifest.lock */,
				A002D9B6277227AD0011EFA0 /* BartyCrouch */,
				A06C48AC2770D9D2005FCAD1 /* Sources */,
				A06C48AD2770D9D2005FCAD1 /* Frameworks */,
				A06C48AE2770D9D2005FCAD1 /* Resources */,
				C442A23E5FE36AB223C8D946 /* [CP] Embed Pods Frameworks */,
				C3CD99418E62E9323E708A75 /* [CP] Copy Pods Resources */,
				A030F1A727F35B4000BDD70D /* Embed Foundation Extensions */,
			);
			buildRules = (
			);
			dependencies = (
				A030F1A527F35B4000BDD70D /* PBXTargetDependency */,
			);
			name = OnionShare;
			productName = OnionShare;
			productReference = A06C48B02770D9D2005FCAD1 /* OnionShare.app */;
			productType = "com.apple.product-type.application";
		};
/* End PBXNativeTarget section */

/* Begin PBXProject section */
		A06C48A82770D9D2005FCAD1 /* Project object */ = {
			isa = PBXProject;
			attributes = {
				BuildIndependentTargetsInParallel = 1;
				LastSwiftUpdateCheck = 1330;
				LastUpgradeCheck = 1640;
				TargetAttributes = {
					A030F19727F35B4000BDD70D = {
						CreatedOnToolsVersion = 13.3;
					};
					A06C48AF2770D9D2005FCAD1 = {
						CreatedOnToolsVersion = 13.2.1;
					};
				};
			};
			buildConfigurationList = A06C48AB2770D9D2005FCAD1 /* Build configuration list for PBXProject "OnionShare" */;
			compatibilityVersion = "Xcode 13.0";
			developmentRegion = en;
			hasScannedForEncodings = 0;
			knownRegions = (
				en,
				de,
				Base,
				es,
				uk,
				tr,
				el,
				"nb-NO",
				ja,
				bo,
				ca,
				is,
				"zh-Hans",
				it,
				cs,
				fi,
				pl,
				sq,
				fr,
				vi,
				fa,
				"zh-Hant",
				af,
				be,
				ar,
				bg,
				sw,
				hr,
				"sv-SE",
				ga,
				hy,
				kab,
				ko,
				ru,
				sc,
				sk,
				ta,
			);
			mainGroup = A06C48A72770D9D2005FCAD1;
			productRefGroup = A06C48B12770D9D2005FCAD1 /* Products */;
			projectDirPath = "";
			projectRoot = "";
			targets = (
				A06C48AF2770D9D2005FCAD1 /* OnionShare */,
				A030F19727F35B4000BDD70D /* ActionExtension */,
			);
		};
/* End PBXProject section */

/* Begin PBXResourcesBuildPhase section */
		A030F19627F35B4000BDD70D /* Resources */ = {
			isa = PBXResourcesBuildPhase;
			buildActionMask = 2147483647;
			files = (
				A088658027F445EC00248399 /* Localizable.stringsdict in Resources */,
				A088657B27F4453400248399 /* Assets.xcassets in Resources */,
				A0152EFB2BBC6B7200F9E745 /* PrivacyInfo.xcprivacy in Resources */,
				A088657A27F444F900248399 /* Localizable.strings in Resources */,
			);
			runOnlyForDeploymentPostprocessing = 0;
		};
		A06C48AE2770D9D2005FCAD1 /* Resources */ = {
			isa = PBXResourcesBuildPhase;
			buildActionMask = 2147483647;
			files = (
				A002D9B92772287D0011EFA0 /* Localizable.strings in Resources */,
				A0879CA929D1B7E3002BB4BD /* InfoPlist.strings in Resources */,
				A06C49072770E800005FCAD1 /* LaunchScreen.xib in Resources */,
				A0152EFA2BBC6B7200F9E745 /* PrivacyInfo.xcprivacy in Resources */,
				A06C49022770E0A4005FCAD1 /* templates in Resources */,
				A06C49012770E0A4005FCAD1 /* static in Resources */,
				A06C48B82770D9D3005FCAD1 /* Assets.xcassets in Resources */,
				A088657F27F445EC00248399 /* Localizable.stringsdict in Resources */,
			);
			runOnlyForDeploymentPostprocessing = 0;
		};
/* End PBXResourcesBuildPhase section */

/* Begin PBXShellScriptBuildPhase section */
		10754EDBE7FD5C3DC600D5F7 /* [CP] Check Pods Manifest.lock */ = {
			isa = PBXShellScriptBuildPhase;
			buildActionMask = 2147483647;
			files = (
			);
			inputFileListPaths = (
			);
			inputPaths = (
				"${PODS_PODFILE_DIR_PATH}/Podfile.lock",
				"${PODS_ROOT}/Manifest.lock",
			);
			name = "[CP] Check Pods Manifest.lock";
			outputFileListPaths = (
			);
			outputPaths = (
				"$(DERIVED_FILE_DIR)/Pods-OnionShare-checkManifestLockResult.txt",
			);
			runOnlyForDeploymentPostprocessing = 0;
			shellPath = /bin/sh;
			shellScript = "diff \"${PODS_PODFILE_DIR_PATH}/Podfile.lock\" \"${PODS_ROOT}/Manifest.lock\" > /dev/null\nif [ $? != 0 ] ; then\n    # print error to STDERR\n    echo \"error: The sandbox is not in sync with the Podfile.lock. Run 'pod install' or update your CocoaPods installation.\" >&2\n    exit 1\nfi\n# This output is used by Xcode 'outputs' to avoid re-running this script phase.\necho \"SUCCESS\" > \"${SCRIPT_OUTPUT_FILE_0}\"\n";
			showEnvVarsInLog = 0;
		};
		A002D9B6277227AD0011EFA0 /* BartyCrouch */ = {
			isa = PBXShellScriptBuildPhase;
			alwaysOutOfDate = 1;
			buildActionMask = 2147483647;
			files = (
			);
			inputFileListPaths = (
			);
			inputPaths = (
			);
			name = BartyCrouch;
			outputFileListPaths = (
			);
			outputPaths = (
			);
			runOnlyForDeploymentPostprocessing = 0;
			shellPath = /bin/sh;
			shellScript = "if [ -x \"/opt/homebrew/bin/brew\" ]; then\n    eval \"$(/opt/homebrew/bin/brew shellenv)\"\nfi\n\nif command -v bartycrouch &> /dev/null; then\n    bartycrouch update -x\n    bartycrouch lint -x\nelse\n    echo \"warning: BartyCrouch not installed. Download it form https://github.com/Flinesoft/BartyCrouch\"\nfi\n";
		};
		A15392A9DD7D303A87CF1429 /* [CP] Check Pods Manifest.lock */ = {
			isa = PBXShellScriptBuildPhase;
			buildActionMask = 2147483647;
			files = (
			);
			inputFileListPaths = (
			);
			inputPaths = (
				"${PODS_PODFILE_DIR_PATH}/Podfile.lock",
				"${PODS_ROOT}/Manifest.lock",
			);
			name = "[CP] Check Pods Manifest.lock";
			outputFileListPaths = (
			);
			outputPaths = (
				"$(DERIVED_FILE_DIR)/Pods-ActionExtension-checkManifestLockResult.txt",
			);
			runOnlyForDeploymentPostprocessing = 0;
			shellPath = /bin/sh;
			shellScript = "diff \"${PODS_PODFILE_DIR_PATH}/Podfile.lock\" \"${PODS_ROOT}/Manifest.lock\" > /dev/null\nif [ $? != 0 ] ; then\n    # print error to STDERR\n    echo \"error: The sandbox is not in sync with the Podfile.lock. Run 'pod install' or update your CocoaPods installation.\" >&2\n    exit 1\nfi\n# This output is used by Xcode 'outputs' to avoid re-running this script phase.\necho \"SUCCESS\" > \"${SCRIPT_OUTPUT_FILE_0}\"\n";
			showEnvVarsInLog = 0;
		};
		C3CD99418E62E9323E708A75 /* [CP] Copy Pods Resources */ = {
			isa = PBXShellScriptBuildPhase;
			buildActionMask = 2147483647;
			files = (
			);
			inputFileListPaths = (
				"${PODS_ROOT}/Target Support Files/Pods-OnionShare/Pods-OnionShare-resources-${CONFIGURATION}-input-files.xcfilelist",
			);
			inputPaths = (
			);
			name = "[CP] Copy Pods Resources";
			outputFileListPaths = (
				"${PODS_ROOT}/Target Support Files/Pods-OnionShare/Pods-OnionShare-resources-${CONFIGURATION}-output-files.xcfilelist",
			);
			outputPaths = (
			);
			runOnlyForDeploymentPostprocessing = 0;
			shellPath = /bin/sh;
			shellScript = "\"${PODS_ROOT}/Target Support Files/Pods-OnionShare/Pods-OnionShare-resources.sh\"\n";
			showEnvVarsInLog = 0;
		};
		C442A23E5FE36AB223C8D946 /* [CP] Embed Pods Frameworks */ = {
			isa = PBXShellScriptBuildPhase;
			buildActionMask = 2147483647;
			files = (
			);
			inputFileListPaths = (
				"${PODS_ROOT}/Target Support Files/Pods-OnionShare/Pods-OnionShare-frameworks-${CONFIGURATION}-input-files.xcfilelist",
			);
			inputPaths = (
			);
			name = "[CP] Embed Pods Frameworks";
			outputFileListPaths = (
				"${PODS_ROOT}/Target Support Files/Pods-OnionShare/Pods-OnionShare-frameworks-${CONFIGURATION}-output-files.xcfilelist",
			);
			outputPaths = (
			);
			runOnlyForDeploymentPostprocessing = 0;
			shellPath = /bin/sh;
			shellScript = "\"${PODS_ROOT}/Target Support Files/Pods-OnionShare/Pods-OnionShare-frameworks.sh\"\n";
			showEnvVarsInLog = 0;
		};
/* End PBXShellScriptBuildPhase section */

/* Begin PBXSourcesBuildPhase section */
		A030F19427F35B4000BDD70D /* Sources */ = {
			isa = PBXSourcesBuildPhase;
			buildActionMask = 2147483647;
			files = (
				A030F19F27F35B4000BDD70D /* ActionViewController.swift in Sources */,
				A030F1B827F35CF400BDD70D /* Config.m in Sources */,
				A030F1B427F35CF400BDD70D /* Config.swift in Sources */,
			);
			runOnlyForDeploymentPostprocessing = 0;
		};
		A06C48AC2770D9D2005FCAD1 /* Sources */ = {
			isa = PBXSourcesBuildPhase;
			buildActionMask = 2147483647;
			files = (
				A08E02682906EE56004EF895 /* AppDelegate.swift in Sources */,
				A030F1B727F35CF400BDD70D /* Config.m in Sources */,
				A06C48B42770D9D2005FCAD1 /* OnionShareApp.swift in Sources */,
				A030F1B327F35CF400BDD70D /* Config.swift in Sources */,
				A06C49092770F12D005FCAD1 /* MainView.swift in Sources */,
				A06C48FA2770DF48005FCAD1 /* WebServer.swift in Sources */,
			);
			runOnlyForDeploymentPostprocessing = 0;
		};
/* End PBXSourcesBuildPhase section */

/* Begin PBXTargetDependency section */
		A030F1A527F35B4000BDD70D /* PBXTargetDependency */ = {
			isa = PBXTargetDependency;
			target = A030F19727F35B4000BDD70D /* ActionExtension */;
			targetProxy = A030F1A427F35B4000BDD70D /* PBXContainerItemProxy */;
		};
/* End PBXTargetDependency section */

/* Begin PBXVariantGroup section */
		A002D9BB2772287D0011EFA0 /* Localizable.strings */ = {
			isa = PBXVariantGroup;
			children = (
				A002D9BA2772287D0011EFA0 /* en */,
				A002D9BC277228940011EFA0 /* de */,
				A066D80628EAFD06003FEF59 /* es */,
				A066D80828EAFD49003FEF59 /* uk */,
				A066D80A28EAFD8A003FEF59 /* tr */,
				A0426B0028F705AD00423750 /* el */,
				A0426B0228F7062700423750 /* nb-NO */,
				A07C725228FD87C800D6F291 /* ja */,
				A0EAF25B2930E401003D2DCB /* bo */,
				A0EAF25D2930E52E003D2DCB /* ca */,
				A0EAF25F2930E5E5003D2DCB /* is */,
				A0EAF2622930E75F003D2DCB /* zh-Hans */,
				A086BE1F297EB0B90052D529 /* cs */,
				A086BE23297EB1F20052D529 /* fi */,
				A086BE27297EB39C0052D529 /* sq */,
				A02704D7297FEB6F001D1C2E /* fr */,
				A06D948729A3AD8E003AFFD5 /* vi */,
				A03A9FC729B611F1004FE2EE /* it */,
				A0879C9E29D1ACED002BB4BD /* fa */,
				A0879CA029D1ADA7002BB4BD /* zh-Hant */,
				A019CDAC29E80BF500FE5B7E /* af */,
				A019CDAE29E80CAF00FE5B7E /* pl */,
				A052F0862A307CCA0015ED76 /* be */,
				A069888F2A5C53E300BF6248 /* ar */,
				A0B20B1C2AC1E89D0044C2FA /* bg */,
				A0B20B1E2AC1E9840044C2FA /* sw */,
				A0B62D952B5ECACE009DB631 /* hr */,
				A0B62D982B5ECB54009DB631 /* sv-SE */,
				A0946AB72E1FB66200DE4291 /* ga */,
				A0946ABD2E1FB6FB00DE4291 /* hy */,
				A0946ABF2E1FB8BC00DE4291 /* kab */,
				A0946AC32E1FB98700DE4291 /* ko */,
				A0946AC62E1FBA4900DE4291 /* ru */,
				A0946AC82E1FBAC900DE4291 /* sc */,
				A0946ACB2E1FBB3800DE4291 /* sk */,
				A0946ACF2E1FBC9500DE4291 /* ta */,
			);
			name = Localizable.strings;
			sourceTree = "<group>";
		};
		A0879CAB29D1B7E3002BB4BD /* InfoPlist.strings */ = {
			isa = PBXVariantGroup;
			children = (
				A04680F82A0E2922002F2B6B /* en */,
				A04680F92A0E2925002F2B6B /* af */,
				A04680FA2A0E2928002F2B6B /* sq */,
				A04680FB2A0E292B002F2B6B /* ca */,
				A04680FC2A0E292D002F2B6B /* zh-Hans */,
				A04680FD2A0E292F002F2B6B /* zh-Hant */,
				A04680FE2A0E2932002F2B6B /* fr */,
				A04680FF2A0E2938002F2B6B /* de */,
				A04681002A0E293A002F2B6B /* el */,
				A04681012A0E293E002F2B6B /* nb-NO */,
				A04681022A0E2941002F2B6B /* pl */,
				A04681032A0E2943002F2B6B /* es */,
				A04681042A0E2946002F2B6B /* tr */,
				A04681052A0E2949002F2B6B /* uk */,
				A0B62D892B5EC4A3009DB631 /* ar */,
				A0B62D8A2B5EC4E8009DB631 /* be */,
				A0B62D8B2B5EC4F4009DB631 /* bg */,
				A0B62D8F2B5EC5C4009DB631 /* hr */,
				A0B62D902B5EC5E2009DB631 /* is */,
				A0B62D912B5EC5EF009DB631 /* ja */,
				A0B62D932B5EC755009DB631 /* sw */,
				A0B62D942B5EC771009DB631 /* vi */,
				A0152EF52BBC4D9400F9E745 /* cs */,
				A0946AC12E1FB8CF00DE4291 /* kab */,
				A0946ACA2E1FBACF00DE4291 /* sc */,
				A0946ACD2E1FBB3E00DE4291 /* sk */,
				A0946ACE2E1FBBEB00DE4291 /* sv-SE */,
				A0946AD12E1FBC9A00DE4291 /* ta */,
			);
			name = InfoPlist.strings;
			sourceTree = "<group>";
		};
		A088658227F445EC00248399 /* Localizable.stringsdict */ = {
			isa = PBXVariantGroup;
			children = (
				A088658127F445EC00248399 /* en */,
				A088658327F4460100248399 /* de */,
				A066D80728EAFD06003FEF59 /* es */,
				A066D80928EAFD49003FEF59 /* uk */,
				A066D80B28EAFD8A003FEF59 /* tr */,
				A0426B0128F705AD00423750 /* el */,
				A0426B0328F7062700423750 /* nb-NO */,
				A07C725428FD895200D6F291 /* ja */,
				A0EAF25C2930E401003D2DCB /* bo */,
				A0EAF25E2930E52E003D2DCB /* ca */,
				A0EAF2602930E5E5003D2DCB /* is */,
				A0EAF2632930E75F003D2DCB /* zh-Hans */,
				A0EAF2652930E830003D2DCB /* it */,
				A086BE24297EB1F20052D529 /* fi */,
				A086BE26297EB3450052D529 /* pl */,
				A02704D8297FEB6F001D1C2E /* fr */,
				A06D948829A3AD8F003AFFD5 /* vi */,
				A0879CA129D1ADA7002BB4BD /* zh-Hant */,
				A019CDAD29E80BF500FE5B7E /* af */,
				A0F681AE29F42A0300FEBD5A /* sq */,
				A0B20B1B2AC1E83F0044C2FA /* ar */,
				A0B20B1D2AC1E89D0044C2FA /* bg */,
				A0B20B1F2AC1E9840044C2FA /* sw */,
				A05486A82AE931C40083B6DC /* be */,
				A0B62D962B5ECAE7009DB631 /* hr */,
				A0946AB82E1FB66F00DE4291 /* ga */,
				A0946ABE2E1FB6FB00DE4291 /* hy */,
				A0946AC02E1FB8BC00DE4291 /* kab */,
				A0946AC42E1FB99000DE4291 /* ko */,
				A0946AC72E1FBA5000DE4291 /* ru */,
				A0946AC92E1FBAC900DE4291 /* sc */,
				A0946ACC2E1FBB3800DE4291 /* sk */,
				A0946AD02E1FBC9500DE4291 /* ta */,
			);
			name = Localizable.stringsdict;
			sourceTree = "<group>";
		};
/* End PBXVariantGroup section */

/* Begin XCBuildConfiguration section */
		A030F1A827F35B4000BDD70D /* Debug */ = {
			isa = XCBuildConfiguration;
			baseConfigurationReference = 3FF82E22A2EE4A0ED28B06CE /* Pods-ActionExtension.debug.xcconfig */;
			buildSettings = {
				CODE_SIGN_ENTITLEMENTS = Shared/OnionShare.entitlements;
				CODE_SIGN_STYLE = Manual;
				EXT_PROVISIONING_PROFILE_SPECIFIER = "$(EXT_PROVISIONING_PROFILE_SPECIFIER)";
				GENERATE_INFOPLIST_FILE = YES;
				INFOPLIST_FILE = ActionExtension/Info.plist;
				INFOPLIST_KEY_CFBundleDisplayName = OnionShare;
				INFOPLIST_KEY_NSHumanReadableCopyright = "";
				IPHONEOS_DEPLOYMENT_TARGET = 15.4;
				LD_RUNPATH_SEARCH_PATHS = (
					"$(inherited)",
					"@executable_path/Frameworks",
					"@executable_path/../../Frameworks",
				);
				PRODUCT_BUNDLE_IDENTIFIER = "$(EXT_PRODUCT_BUNDLE_IDENTIFIER)";
				PRODUCT_NAME = "$(TARGET_NAME)";
				PROVISIONING_PROFILE_SPECIFIER = "$(EXT_PROVISIONING_PROFILE_SPECIFIER)";
				SKIP_INSTALL = YES;
				SWIFT_EMIT_LOC_STRINGS = YES;
				SWIFT_OBJC_BRIDGING_HEADER = "Shared/OnionShare-Bridging-Header.h";
				SWIFT_VERSION = 5.0;
				TARGETED_DEVICE_FAMILY = "1,2";
			};
			name = Debug;
		};
		A030F1A927F35B4000BDD70D /* Release */ = {
			isa = XCBuildConfiguration;
			baseConfigurationReference = F498EA9C3F153D2B18FC392A /* Pods-ActionExtension.release.xcconfig */;
			buildSettings = {
				CODE_SIGN_ENTITLEMENTS = Shared/OnionShare.entitlements;
				CODE_SIGN_STYLE = Manual;
				EXT_PROVISIONING_PROFILE_SPECIFIER = "$(EXT_PROVISIONING_PROFILE_SPECIFIER)";
				GENERATE_INFOPLIST_FILE = YES;
				INFOPLIST_FILE = ActionExtension/Info.plist;
				INFOPLIST_KEY_CFBundleDisplayName = OnionShare;
				INFOPLIST_KEY_NSHumanReadableCopyright = "";
				IPHONEOS_DEPLOYMENT_TARGET = 15.4;
				LD_RUNPATH_SEARCH_PATHS = (
					"$(inherited)",
					"@executable_path/Frameworks",
					"@executable_path/../../Frameworks",
				);
				PRODUCT_BUNDLE_IDENTIFIER = "$(EXT_PRODUCT_BUNDLE_IDENTIFIER)";
				PRODUCT_NAME = "$(TARGET_NAME)";
				PROVISIONING_PROFILE_SPECIFIER = "$(EXT_PROVISIONING_PROFILE_SPECIFIER)";
				SKIP_INSTALL = YES;
				SWIFT_EMIT_LOC_STRINGS = YES;
				SWIFT_OBJC_BRIDGING_HEADER = "Shared/OnionShare-Bridging-Header.h";
				SWIFT_VERSION = 5.0;
				TARGETED_DEVICE_FAMILY = "1,2";
			};
			name = Release;
		};
		A06C48BC2770D9D3005FCAD1 /* Debug */ = {
			isa = XCBuildConfiguration;
			baseConfigurationReference = A030F1B027F35CF400BDD70D /* Config.xcconfig */;
			buildSettings = {
				ALWAYS_SEARCH_USER_PATHS = NO;
				ASSETCATALOG_COMPILER_GENERATE_SWIFT_ASSET_SYMBOL_EXTENSIONS = YES;
				CLANG_ANALYZER_LOCALIZABILITY_NONLOCALIZED = YES;
				CLANG_ANALYZER_NONNULL = YES;
				CLANG_ANALYZER_NUMBER_OBJECT_CONVERSION = YES_AGGRESSIVE;
				CLANG_CXX_LANGUAGE_STANDARD = "gnu++17";
				CLANG_CXX_LIBRARY = "libc++";
				CLANG_ENABLE_MODULES = YES;
				CLANG_ENABLE_OBJC_ARC = YES;
				CLANG_ENABLE_OBJC_WEAK = YES;
				CLANG_WARN_BLOCK_CAPTURE_AUTORELEASING = YES;
				CLANG_WARN_BOOL_CONVERSION = YES;
				CLANG_WARN_COMMA = YES;
				CLANG_WARN_CONSTANT_CONVERSION = YES;
				CLANG_WARN_DEPRECATED_OBJC_IMPLEMENTATIONS = YES;
				CLANG_WARN_DIRECT_OBJC_ISA_USAGE = YES_ERROR;
				CLANG_WARN_DOCUMENTATION_COMMENTS = YES;
				CLANG_WARN_EMPTY_BODY = YES;
				CLANG_WARN_ENUM_CONVERSION = YES;
				CLANG_WARN_INFINITE_RECURSION = YES;
				CLANG_WARN_INT_CONVERSION = YES;
				CLANG_WARN_NON_LITERAL_NULL_CONVERSION = YES;
				CLANG_WARN_OBJC_IMPLICIT_RETAIN_SELF = YES;
				CLANG_WARN_OBJC_LITERAL_CONVERSION = YES;
				CLANG_WARN_OBJC_ROOT_CLASS = YES_ERROR;
				CLANG_WARN_QUOTED_INCLUDE_IN_FRAMEWORK_HEADER = YES;
				CLANG_WARN_RANGE_LOOP_ANALYSIS = YES;
				CLANG_WARN_STRICT_PROTOTYPES = YES;
				CLANG_WARN_SUSPICIOUS_MOVE = YES;
				CLANG_WARN_UNGUARDED_AVAILABILITY = YES_AGGRESSIVE;
				CLANG_WARN_UNREACHABLE_CODE = YES;
				CLANG_WARN__DUPLICATE_METHOD_MATCH = YES;
				COPY_PHASE_STRIP = NO;
				DEBUG_INFORMATION_FORMAT = dwarf;
				ENABLE_STRICT_OBJC_MSGSEND = YES;
				ENABLE_TESTABILITY = YES;
				GCC_C_LANGUAGE_STANDARD = gnu11;
				GCC_DYNAMIC_NO_PIC = NO;
				GCC_NO_COMMON_BLOCKS = YES;
				GCC_OPTIMIZATION_LEVEL = 0;
				GCC_PREPROCESSOR_DEFINITIONS = (
					"DEBUG=1",
					"$(inherited)",
				);
				GCC_WARN_64_TO_32_BIT_CONVERSION = YES;
				GCC_WARN_ABOUT_RETURN_TYPE = YES_ERROR;
				GCC_WARN_UNDECLARED_SELECTOR = YES;
				GCC_WARN_UNINITIALIZED_AUTOS = YES_AGGRESSIVE;
				GCC_WARN_UNUSED_FUNCTION = YES;
				GCC_WARN_UNUSED_VARIABLE = YES;
				IPHONEOS_DEPLOYMENT_TARGET = 15.0;
				MTL_ENABLE_DEBUG_INFO = INCLUDE_SOURCE;
				MTL_FAST_MATH = YES;
				ONLY_ACTIVE_ARCH = YES;
				SDKROOT = iphoneos;
				SWIFT_ACTIVE_COMPILATION_CONDITIONS = DEBUG;
				SWIFT_OPTIMIZATION_LEVEL = "-Onone";
			};
			name = Debug;
		};
		A06C48BD2770D9D3005FCAD1 /* Release */ = {
			isa = XCBuildConfiguration;
			baseConfigurationReference = A030F1B027F35CF400BDD70D /* Config.xcconfig */;
			buildSettings = {
				ALWAYS_SEARCH_USER_PATHS = NO;
				ASSETCATALOG_COMPILER_GENERATE_SWIFT_ASSET_SYMBOL_EXTENSIONS = YES;
				CLANG_ANALYZER_LOCALIZABILITY_NONLOCALIZED = YES;
				CLANG_ANALYZER_NONNULL = YES;
				CLANG_ANALYZER_NUMBER_OBJECT_CONVERSION = YES_AGGRESSIVE;
				CLANG_CXX_LANGUAGE_STANDARD = "gnu++17";
				CLANG_CXX_LIBRARY = "libc++";
				CLANG_ENABLE_MODULES = YES;
				CLANG_ENABLE_OBJC_ARC = YES;
				CLANG_ENABLE_OBJC_WEAK = YES;
				CLANG_WARN_BLOCK_CAPTURE_AUTORELEASING = YES;
				CLANG_WARN_BOOL_CONVERSION = YES;
				CLANG_WARN_COMMA = YES;
				CLANG_WARN_CONSTANT_CONVERSION = YES;
				CLANG_WARN_DEPRECATED_OBJC_IMPLEMENTATIONS = YES;
				CLANG_WARN_DIRECT_OBJC_ISA_USAGE = YES_ERROR;
				CLANG_WARN_DOCUMENTATION_COMMENTS = YES;
				CLANG_WARN_EMPTY_BODY = YES;
				CLANG_WARN_ENUM_CONVERSION = YES;
				CLANG_WARN_INFINITE_RECURSION = YES;
				CLANG_WARN_INT_CONVERSION = YES;
				CLANG_WARN_NON_LITERAL_NULL_CONVERSION = YES;
				CLANG_WARN_OBJC_IMPLICIT_RETAIN_SELF = YES;
				CLANG_WARN_OBJC_LITERAL_CONVERSION = YES;
				CLANG_WARN_OBJC_ROOT_CLASS = YES_ERROR;
				CLANG_WARN_QUOTED_INCLUDE_IN_FRAMEWORK_HEADER = YES;
				CLANG_WARN_RANGE_LOOP_ANALYSIS = YES;
				CLANG_WARN_STRICT_PROTOTYPES = YES;
				CLANG_WARN_SUSPICIOUS_MOVE = YES;
				CLANG_WARN_UNGUARDED_AVAILABILITY = YES_AGGRESSIVE;
				CLANG_WARN_UNREACHABLE_CODE = YES;
				CLANG_WARN__DUPLICATE_METHOD_MATCH = YES;
				COPY_PHASE_STRIP = NO;
				DEBUG_INFORMATION_FORMAT = "dwarf-with-dsym";
				ENABLE_NS_ASSERTIONS = NO;
				ENABLE_STRICT_OBJC_MSGSEND = YES;
				GCC_C_LANGUAGE_STANDARD = gnu11;
				GCC_NO_COMMON_BLOCKS = YES;
				GCC_WARN_64_TO_32_BIT_CONVERSION = YES;
				GCC_WARN_ABOUT_RETURN_TYPE = YES_ERROR;
				GCC_WARN_UNDECLARED_SELECTOR = YES;
				GCC_WARN_UNINITIALIZED_AUTOS = YES_AGGRESSIVE;
				GCC_WARN_UNUSED_FUNCTION = YES;
				GCC_WARN_UNUSED_VARIABLE = YES;
				IPHONEOS_DEPLOYMENT_TARGET = 15.0;
				MTL_ENABLE_DEBUG_INFO = NO;
				MTL_FAST_MATH = YES;
				SDKROOT = iphoneos;
				SWIFT_COMPILATION_MODE = wholemodule;
				SWIFT_OPTIMIZATION_LEVEL = "-O";
				VALIDATE_PRODUCT = YES;
			};
			name = Release;
		};
		A06C48BF2770D9D3005FCAD1 /* Debug */ = {
			isa = XCBuildConfiguration;
			baseConfigurationReference = 4086EFEDC42A5DC78D10B35F /* Pods-OnionShare.debug.xcconfig */;
			buildSettings = {
				ASSETCATALOG_COMPILER_APPICON_NAME = AppIcon;
				ASSETCATALOG_COMPILER_GLOBAL_ACCENT_COLOR_NAME = AccentColor;
				CODE_SIGN_ENTITLEMENTS = Shared/OnionShare.entitlements;
				CODE_SIGN_STYLE = Manual;
				ENABLE_PREVIEWS = YES;
				GENERATE_INFOPLIST_FILE = YES;
				INFOPLIST_FILE = OnionShare/Info.plist;
				INFOPLIST_KEY_LSSupportsOpeningDocumentsInPlace = YES;
				INFOPLIST_KEY_NSCameraUsageDescription = "Please allow access to your camera, if you want to create photos or videos for direct sharing.";
				INFOPLIST_KEY_NSMicrophoneUsageDescription = "Please allow access to your microphone, if you want to create videos for direct sharing.";
				INFOPLIST_KEY_NSPhotoLibraryUsageDescription = "Please allow access to your photo library, if you want to share photos.";
				INFOPLIST_KEY_UIApplicationSceneManifest_Generation = YES;
				INFOPLIST_KEY_UIApplicationSupportsIndirectInputEvents = YES;
				INFOPLIST_KEY_UILaunchStoryboardName = LaunchScreen;
				INFOPLIST_KEY_UISupportedInterfaceOrientations_iPad = "UIInterfaceOrientationPortrait UIInterfaceOrientationPortraitUpsideDown UIInterfaceOrientationLandscapeLeft UIInterfaceOrientationLandscapeRight";
				INFOPLIST_KEY_UISupportedInterfaceOrientations_iPhone = "UIInterfaceOrientationPortrait UIInterfaceOrientationLandscapeLeft UIInterfaceOrientationLandscapeRight";
				IPHONEOS_DEPLOYMENT_TARGET = 15.0;
				LD_RUNPATH_SEARCH_PATHS = (
					"$(inherited)",
					"@executable_path/Frameworks",
				);
				PRODUCT_NAME = "$(TARGET_NAME)";
				SWIFT_EMIT_LOC_STRINGS = YES;
				SWIFT_OBJC_BRIDGING_HEADER = "Shared/OnionShare-Bridging-Header.h";
				SWIFT_VERSION = 5.0;
				TARGETED_DEVICE_FAMILY = "1,2";
			};
			name = Debug;
		};
		A06C48C02770D9D3005FCAD1 /* Release */ = {
			isa = XCBuildConfiguration;
			baseConfigurationReference = 1CE2DA8CDD566438A908293C /* Pods-OnionShare.release.xcconfig */;
			buildSettings = {
				ASSETCATALOG_COMPILER_APPICON_NAME = AppIcon;
				ASSETCATALOG_COMPILER_GLOBAL_ACCENT_COLOR_NAME = AccentColor;
				CODE_SIGN_ENTITLEMENTS = Shared/OnionShare.entitlements;
				CODE_SIGN_STYLE = Manual;
				ENABLE_PREVIEWS = YES;
				GENERATE_INFOPLIST_FILE = YES;
				INFOPLIST_FILE = OnionShare/Info.plist;
				INFOPLIST_KEY_LSSupportsOpeningDocumentsInPlace = YES;
				INFOPLIST_KEY_NSCameraUsageDescription = "Please allow access to your camera, if you want to create photos or videos for direct sharing.";
				INFOPLIST_KEY_NSMicrophoneUsageDescription = "Please allow access to your microphone, if you want to create videos for direct sharing.";
				INFOPLIST_KEY_NSPhotoLibraryUsageDescription = "Please allow access to your photo library, if you want to share photos.";
				INFOPLIST_KEY_UIApplicationSceneManifest_Generation = YES;
				INFOPLIST_KEY_UIApplicationSupportsIndirectInputEvents = YES;
				INFOPLIST_KEY_UILaunchStoryboardName = LaunchScreen;
				INFOPLIST_KEY_UISupportedInterfaceOrientations_iPad = "UIInterfaceOrientationPortrait UIInterfaceOrientationPortraitUpsideDown UIInterfaceOrientationLandscapeLeft UIInterfaceOrientationLandscapeRight";
				INFOPLIST_KEY_UISupportedInterfaceOrientations_iPhone = "UIInterfaceOrientationPortrait UIInterfaceOrientationLandscapeLeft UIInterfaceOrientationLandscapeRight";
				IPHONEOS_DEPLOYMENT_TARGET = 15.0;
				LD_RUNPATH_SEARCH_PATHS = (
					"$(inherited)",
					"@executable_path/Frameworks",
				);
				PRODUCT_NAME = "$(TARGET_NAME)";
				SWIFT_EMIT_LOC_STRINGS = YES;
				SWIFT_OBJC_BRIDGING_HEADER = "Shared/OnionShare-Bridging-Header.h";
				SWIFT_VERSION = 5.0;
				TARGETED_DEVICE_FAMILY = "1,2";
			};
			name = Release;
		};
/* End XCBuildConfiguration section */

/* Begin XCConfigurationList section */
		A030F1AA27F35B4000BDD70D /* Build configuration list for PBXNativeTarget "ActionExtension" */ = {
			isa = XCConfigurationList;
			buildConfigurations = (
				A030F1A827F35B4000BDD70D /* Debug */,
				A030F1A927F35B4000BDD70D /* Release */,
			);
			defaultConfigurationIsVisible = 0;
			defaultConfigurationName = Release;
		};
		A06C48AB2770D9D2005FCAD1 /* Build configuration list for PBXProject "OnionShare" */ = {
			isa = XCConfigurationList;
			buildConfigurations = (
				A06C48BC2770D9D3005FCAD1 /* Debug */,
				A06C48BD2770D9D3005FCAD1 /* Release */,
			);
			defaultConfigurationIsVisible = 0;
			defaultConfigurationName = Release;
		};
		A06C48BE2770D9D3005FCAD1 /* Build configuration list for PBXNativeTarget "OnionShare" */ = {
			isa = XCConfigurationList;
			buildConfigurations = (
				A06C48BF2770D9D3005FCAD1 /* Debug */,
				A06C48C02770D9D3005FCAD1 /* Release */,
			);
			defaultConfigurationIsVisible = 0;
			defaultConfigurationName = Release;
		};
/* End XCConfigurationList section */
	};
	rootObject = A06C48A82770D9D2005FCAD1 /* Project object */;
}
